
Microsoft Visual Studio Solution File, Format Version 12.00
# Visual Studio Version 17
VisualStudioVersion = 17.6.33829.357
MinimumVisualStudioVersion = 10.0.40219.1
Project("{8BC9CEB8-8B4A-11D0-8D11-00A0C91BC942}") = "Windmill", "Windmill\Windmill.vcxproj", "{99C44FAD-CCAD-4E30-BAD5-E9E9069AB84A}"
EndProject
Global
	GlobalSection(SolutionConfigurationPlatforms) = preSolution
		Debug|x64 = Debug|x64
		Debug|x86 = Debug|x86
		Release|x64 = Release|x64
		Release|x86 = Release|x86
	EndGlobalSection
	GlobalSection(ProjectConfigurationPlatforms) = postSolution
		{99C44FAD-CCAD-4E30-BAD5-E9E9069AB84A}.Debug|x64.ActiveCfg = Debug|x64
		{99C44FAD-CCAD-4E30-BAD5-E9E9069AB84A}.Debug|x64.Build.0 = Debug|x64
		{99C44FAD-CCAD-4E30-BAD5-E9E9069AB84A}.Debug|x86.ActiveCfg = Debug|Win32
		{99C44FAD-CCAD-4E30-BAD5-E9E9069AB84A}.Debug|x86.Build.0 = Debug|Win32
		{99C44FAD-CCAD-4E30-BAD5-E9E9069AB84A}.Release|x64.ActiveCfg = Release|x64
		{99C44FAD-CCAD-4E30-BAD5-E9E9069AB84A}.Release|x64.Build.0 = Release|x64
		{99C44FAD-CCAD-4E30-BAD5-E9E9069AB84A}.Release|x86.ActiveCfg = Release|Win32
		{99C44FAD-CCAD-4E30-BAD5-E9E9069AB84A}.Release|x86.Build.0 = Release|Win32
	EndGlobalSection
	GlobalSection(SolutionProperties) = preSolution
		HideSolutionNode = FALSE
	EndGlobalSection
	GlobalSection(ExtensibilityGlobals) = postSolution
		SolutionGuid = {B327D070-B96A-4BC0-850F-752C01CE209C}
	EndGlobalSection
EndGlobal
