
Microsoft Visual Studio Solution File, Format Version 12.00
# Visual Studio Version 17
VisualStudioVersion = 17.6.33829.357
MinimumVisualStudioVersion = 10.0.40219.1
Project("{8BC9CEB8-8B4A-11D0-8D11-00A0C91BC942}") = "rotatedino360", "rotatedino360\rotatedino360.vcxproj", "{08DF2D8C-783F-466F-8EF9-10550D5CD928}"
EndProject
Global
	GlobalSection(SolutionConfigurationPlatforms) = preSolution
		Debug|x64 = Debug|x64
		Debug|x86 = Debug|x86
		Release|x64 = Release|x64
		Release|x86 = Release|x86
	EndGlobalSection
	GlobalSection(ProjectConfigurationPlatforms) = postSolution
		{08DF2D8C-783F-466F-8EF9-10550D5CD928}.Debug|x64.ActiveCfg = Debug|x64
		{08DF2D8C-783F-466F-8EF9-10550D5CD928}.Debug|x64.Build.0 = Debug|x64
		{08DF2D8C-783F-466F-8EF9-10550D5CD928}.Debug|x86.ActiveCfg = Debug|Win32
		{08DF2D8C-783F-466F-8EF9-10550D5CD928}.Debug|x86.Build.0 = Debug|Win32
		{08DF2D8C-783F-466F-8EF9-10550D5CD928}.Release|x64.ActiveCfg = Release|x64
		{08DF2D8C-783F-466F-8EF9-10550D5CD928}.Release|x64.Build.0 = Release|x64
		{08DF2D8C-783F-466F-8EF9-10550D5CD928}.Release|x86.ActiveCfg = Release|Win32
		{08DF2D8C-783F-466F-8EF9-10550D5CD928}.Release|x86.Build.0 = Release|Win32
	EndGlobalSection
	GlobalSection(SolutionProperties) = preSolution
		HideSolutionNode = FALSE
	EndGlobalSection
	GlobalSection(ExtensibilityGlobals) = postSolution
		SolutionGuid = {84AE7BAC-DA6D-4863-A38E-C65DF7F1BB96}
	EndGlobalSection
EndGlobal
